
Microsoft Visual Studio Solution File, Format Version 12.00
# Visual Studio Version 16
VisualStudioVersion = 16.0.31205.134
MinimumVisualStudioVersion = 10.0.40219.1
Project("{FAE04EC0-301F-11D3-BF4B-00C04F79EFBC}") = "ClassTestApp", "ClassTestApp\ClassTestApp.csproj", "{064A682A-DFD4-4FBA-BCEA-81D0224BA6E0}"
EndProject
Project("{FAE04EC0-301F-11D3-BF4B-00C04F79EFBC}") = "InterfaceTestApp", "InterfaceTestApp\InterfaceTestApp.csproj", "{33DFD27B-1E4D-4A86-B08F-E4B27A90CC42}"
EndProject
Project("{9A19103F-16F7-4668-BE54-9A1E7A4F7556}") = "UsingInterfaceTestApp", "UsingInterfaceTestApp\UsingInterfaceTestApp.csproj", "{F0838D51-9BD6-4FD1-A03D-A9D300DD65B4}"
EndProject
Project("{FAE04EC0-301F-11D3-BF4B-00C04F79EFBC}") = "AbstractClassTestApp", "AbstractClassTestApp\AbstractClassTestApp.csproj", "{F9A661FC-58F4-40AE-89F2-FC98E6518639}"
EndProject
Project("{FAE04EC0-301F-11D3-BF4B-00C04F79EFBC}") = "PropertyTestApp", "PropertyTestApp\PropertyTestApp.csproj", "{C042E74F-0F20-40CA-8489-1B5348380226}"
EndProject
Project("{FAE04EC0-301F-11D3-BF4B-00C04F79EFBC}") = "ArrayTestApp", "ArrayTestApp\ArrayTestApp.csproj", "{A3FF157B-31AF-4C7A-86EB-DA1937E178E7}"
EndProject
Project("{FAE04EC0-301F-11D3-BF4B-00C04F79EFBC}") = "ArrayClassTestApp", "ArrayClassTestApp\ArrayClassTestApp.csproj", "{D372413D-92FB-41EE-A457-49C368C7D5B4}"
EndProject
Project("{FAE04EC0-301F-11D3-BF4B-00C04F79EFBC}") = "CollectionTestApp", "CollectionTestApp\CollectionTestApp.csproj", "{149D02EF-C013-4B0F-9ED2-F2264CB60F9B}"
EndProject
Project("{FAE04EC0-301F-11D3-BF4B-00C04F79EFBC}") = "QueueTestApp", "Queue\QueueTestApp.csproj", "{F9EB719B-CA35-4914-AF45-39840140740E}"
EndProject
Project("{FAE04EC0-301F-11D3-BF4B-00C04F79EFBC}") = "IndexerTestApp", "IndexerTestApp\IndexerTestApp.csproj", "{46F707D9-9F32-465B-BE40-72D0636FC65A}"
EndProject
Project("{FAE04EC0-301F-11D3-BF4B-00C04F79EFBC}") = "GenericTestApp", "GenericTestApp\GenericTestApp.csproj", "{F2FFA15C-62A6-491A-AA36-1D9C4D140E23}"
EndProject
Project("{FAE04EC0-301F-11D3-BF4B-00C04F79EFBC}") = "GenericTestApp2", "GenericTestApp2\GenericTestApp2.csproj", "{36DE9D56-544F-4D7E-8038-166B90574AD7}"
EndProject
Project("{FAE04EC0-301F-11D3-BF4B-00C04F79EFBC}") = "GenericMyListApp", "GenericMyListApp\GenericMyListApp.csproj", "{9EF38070-B26E-4B97-8C86-B2F906F002F9}"
EndProject
Project("{FAE04EC0-301F-11D3-BF4B-00C04F79EFBC}") = "GenericCollectionApp", "GenericCollectionApp\GenericCollectionApp.csproj", "{E11FF3E7-786A-4D61-85FD-926598128481}"
EndProject
Project("{FAE04EC0-301F-11D3-BF4B-00C04F79EFBC}") = "ExceptionTestApp", "ExceptionTestApp\ExceptionTestApp.csproj", "{560296AF-65BB-486A-9BB1-30706004C61B}"
EndProject
Project("{FAE04EC0-301F-11D3-BF4B-00C04F79EFBC}") = "DelegateTestApp", "DelegateTestApp\DelegateTestApp.csproj", "{DBF02736-224C-4BEB-A5DC-7236885E1475}"
EndProject
Project("{FAE04EC0-301F-11D3-BF4B-00C04F79EFBC}") = "DelegateChainApp", "DelegateChainApp\DelegateChainApp.csproj", "{EAC81BBB-C2B9-4414-AEA0-4D0A86BB01E4}"
EndProject
Project("{FAE04EC0-301F-11D3-BF4B-00C04F79EFBC}") = "EventHandlerTestApp", "EventHandlerTestApp\EventHandlerTestApp.csproj", "{2E9DE394-D15D-4BDE-BB66-E655B62A99F1}"
EndProject
Project("{FAE04EC0-301F-11D3-BF4B-00C04F79EFBC}") = "EventHandlerCheckApp", "EventHandlerCheckApp\EventHandlerCheckApp.csproj", "{FD7333B2-FB7F-40BC-849F-8DAC8D3649FB}"
EndProject
Project("{FAE04EC0-301F-11D3-BF4B-00C04F79EFBC}") = "AttributeTestApp", "AttributeTestApp\AttributeTestApp.csproj", "{F42B7B16-5DB2-4FD2-BDB6-A6A7582791FA}"
EndProject
Project("{FAE04EC0-301F-11D3-BF4B-00C04F79EFBC}") = "CalcUnitTest", "CalcUnitTest\CalcUnitTest.csproj", "{24D5C1CD-F770-4C30-813B-49753E276276}"
EndProject
Project("{FAE04EC0-301F-11D3-BF4B-00C04F79EFBC}") = "FileDirectoryTestApp", "FileDirectoryTestApp\FileDirectoryTestApp.csproj", "{F6AEC08B-D262-4AA3-B915-37795050FB2A}"
EndProject
Project("{FAE04EC0-301F-11D3-BF4B-00C04F79EFBC}") = "FileReadingTestApp", "FileReadingTestApp\FileReadingTestApp.csproj", "{407414D6-9561-4E56-A97E-BAA50FFBA0C3}"
EndProject
Project("{FAE04EC0-301F-11D3-BF4B-00C04F79EFBC}") = "NloggerTestApp", "NloggerTestApp\NloggerTestApp.csproj", "{292B46F0-AB73-4C13-8E53-DF02A81CF19E}"
EndProject
Global
	GlobalSection(SolutionConfigurationPlatforms) = preSolution
		Debug|Any CPU = Debug|Any CPU
		Release|Any CPU = Release|Any CPU
	EndGlobalSection
	GlobalSection(ProjectConfigurationPlatforms) = postSolution
		{064A682A-DFD4-4FBA-BCEA-81D0224BA6E0}.Debug|Any CPU.ActiveCfg = Debug|Any CPU
		{064A682A-DFD4-4FBA-BCEA-81D0224BA6E0}.Debug|Any CPU.Build.0 = Debug|Any CPU
		{064A682A-DFD4-4FBA-BCEA-81D0224BA6E0}.Release|Any CPU.ActiveCfg = Release|Any CPU
		{064A682A-DFD4-4FBA-BCEA-81D0224BA6E0}.Release|Any CPU.Build.0 = Release|Any CPU
		{33DFD27B-1E4D-4A86-B08F-E4B27A90CC42}.Debug|Any CPU.ActiveCfg = Debug|Any CPU
		{33DFD27B-1E4D-4A86-B08F-E4B27A90CC42}.Debug|Any CPU.Build.0 = Debug|Any CPU
		{33DFD27B-1E4D-4A86-B08F-E4B27A90CC42}.Release|Any CPU.ActiveCfg = Release|Any CPU
		{33DFD27B-1E4D-4A86-B08F-E4B27A90CC42}.Release|Any CPU.Build.0 = Release|Any CPU
		{F0838D51-9BD6-4FD1-A03D-A9D300DD65B4}.Debug|Any CPU.ActiveCfg = Debug|Any CPU
		{F0838D51-9BD6-4FD1-A03D-A9D300DD65B4}.Debug|Any CPU.Build.0 = Debug|Any CPU
		{F0838D51-9BD6-4FD1-A03D-A9D300DD65B4}.Release|Any CPU.ActiveCfg = Release|Any CPU
		{F0838D51-9BD6-4FD1-A03D-A9D300DD65B4}.Release|Any CPU.Build.0 = Release|Any CPU
		{F9A661FC-58F4-40AE-89F2-FC98E6518639}.Debug|Any CPU.ActiveCfg = Debug|Any CPU
		{F9A661FC-58F4-40AE-89F2-FC98E6518639}.Debug|Any CPU.Build.0 = Debug|Any CPU
		{F9A661FC-58F4-40AE-89F2-FC98E6518639}.Release|Any CPU.ActiveCfg = Release|Any CPU
		{F9A661FC-58F4-40AE-89F2-FC98E6518639}.Release|Any CPU.Build.0 = Release|Any CPU
		{C042E74F-0F20-40CA-8489-1B5348380226}.Debug|Any CPU.ActiveCfg = Debug|Any CPU
		{C042E74F-0F20-40CA-8489-1B5348380226}.Debug|Any CPU.Build.0 = Debug|Any CPU
		{C042E74F-0F20-40CA-8489-1B5348380226}.Release|Any CPU.ActiveCfg = Release|Any CPU
		{C042E74F-0F20-40CA-8489-1B5348380226}.Release|Any CPU.Build.0 = Release|Any CPU
		{A3FF157B-31AF-4C7A-86EB-DA1937E178E7}.Debug|Any CPU.ActiveCfg = Debug|Any CPU
		{A3FF157B-31AF-4C7A-86EB-DA1937E178E7}.Debug|Any CPU.Build.0 = Debug|Any CPU
		{A3FF157B-31AF-4C7A-86EB-DA1937E178E7}.Release|Any CPU.ActiveCfg = Release|Any CPU
		{A3FF157B-31AF-4C7A-86EB-DA1937E178E7}.Release|Any CPU.Build.0 = Release|Any CPU
		{D372413D-92FB-41EE-A457-49C368C7D5B4}.Debug|Any CPU.ActiveCfg = Debug|Any CPU
		{D372413D-92FB-41EE-A457-49C368C7D5B4}.Debug|Any CPU.Build.0 = Debug|Any CPU
		{D372413D-92FB-41EE-A457-49C368C7D5B4}.Release|Any CPU.ActiveCfg = Release|Any CPU
		{D372413D-92FB-41EE-A457-49C368C7D5B4}.Release|Any CPU.Build.0 = Release|Any CPU
		{149D02EF-C013-4B0F-9ED2-F2264CB60F9B}.Debug|Any CPU.ActiveCfg = Debug|Any CPU
		{149D02EF-C013-4B0F-9ED2-F2264CB60F9B}.Debug|Any CPU.Build.0 = Debug|Any CPU
		{149D02EF-C013-4B0F-9ED2-F2264CB60F9B}.Release|Any CPU.ActiveCfg = Release|Any CPU
		{149D02EF-C013-4B0F-9ED2-F2264CB60F9B}.Release|Any CPU.Build.0 = Release|Any CPU
		{F9EB719B-CA35-4914-AF45-39840140740E}.Debug|Any CPU.ActiveCfg = Debug|Any CPU
		{F9EB719B-CA35-4914-AF45-39840140740E}.Debug|Any CPU.Build.0 = Debug|Any CPU
		{F9EB719B-CA35-4914-AF45-39840140740E}.Release|Any CPU.ActiveCfg = Release|Any CPU
		{F9EB719B-CA35-4914-AF45-39840140740E}.Release|Any CPU.Build.0 = Release|Any CPU
		{46F707D9-9F32-465B-BE40-72D0636FC65A}.Debug|Any CPU.ActiveCfg = Debug|Any CPU
		{46F707D9-9F32-465B-BE40-72D0636FC65A}.Debug|Any CPU.Build.0 = Debug|Any CPU
		{46F707D9-9F32-465B-BE40-72D0636FC65A}.Release|Any CPU.ActiveCfg = Release|Any CPU
		{46F707D9-9F32-465B-BE40-72D0636FC65A}.Release|Any CPU.Build.0 = Release|Any CPU
		{F2FFA15C-62A6-491A-AA36-1D9C4D140E23}.Debug|Any CPU.ActiveCfg = Debug|Any CPU
		{F2FFA15C-62A6-491A-AA36-1D9C4D140E23}.Debug|Any CPU.Build.0 = Debug|Any CPU
		{F2FFA15C-62A6-491A-AA36-1D9C4D140E23}.Release|Any CPU.ActiveCfg = Release|Any CPU
		{F2FFA15C-62A6-491A-AA36-1D9C4D140E23}.Release|Any CPU.Build.0 = Release|Any CPU
		{36DE9D56-544F-4D7E-8038-166B90574AD7}.Debug|Any CPU.ActiveCfg = Debug|Any CPU
		{36DE9D56-544F-4D7E-8038-166B90574AD7}.Debug|Any CPU.Build.0 = Debug|Any CPU
		{36DE9D56-544F-4D7E-8038-166B90574AD7}.Release|Any CPU.ActiveCfg = Release|Any CPU
		{36DE9D56-544F-4D7E-8038-166B90574AD7}.Release|Any CPU.Build.0 = Release|Any CPU
		{9EF38070-B26E-4B97-8C86-B2F906F002F9}.Debug|Any CPU.ActiveCfg = Debug|Any CPU
		{9EF38070-B26E-4B97-8C86-B2F906F002F9}.Debug|Any CPU.Build.0 = Debug|Any CPU
		{9EF38070-B26E-4B97-8C86-B2F906F002F9}.Release|Any CPU.ActiveCfg = Release|Any CPU
		{9EF38070-B26E-4B97-8C86-B2F906F002F9}.Release|Any CPU.Build.0 = Release|Any CPU
		{E11FF3E7-786A-4D61-85FD-926598128481}.Debug|Any CPU.ActiveCfg = Debug|Any CPU
		{E11FF3E7-786A-4D61-85FD-926598128481}.Debug|Any CPU.Build.0 = Debug|Any CPU
		{E11FF3E7-786A-4D61-85FD-926598128481}.Release|Any CPU.ActiveCfg = Release|Any CPU
		{E11FF3E7-786A-4D61-85FD-926598128481}.Release|Any CPU.Build.0 = Release|Any CPU
		{560296AF-65BB-486A-9BB1-30706004C61B}.Debug|Any CPU.ActiveCfg = Debug|Any CPU
		{560296AF-65BB-486A-9BB1-30706004C61B}.Debug|Any CPU.Build.0 = Debug|Any CPU
		{560296AF-65BB-486A-9BB1-30706004C61B}.Release|Any CPU.ActiveCfg = Release|Any CPU
		{560296AF-65BB-486A-9BB1-30706004C61B}.Release|Any CPU.Build.0 = Release|Any CPU
		{DBF02736-224C-4BEB-A5DC-7236885E1475}.Debug|Any CPU.ActiveCfg = Debug|Any CPU
		{DBF02736-224C-4BEB-A5DC-7236885E1475}.Debug|Any CPU.Build.0 = Debug|Any CPU
		{DBF02736-224C-4BEB-A5DC-7236885E1475}.Release|Any CPU.ActiveCfg = Release|Any CPU
		{DBF02736-224C-4BEB-A5DC-7236885E1475}.Release|Any CPU.Build.0 = Release|Any CPU
		{EAC81BBB-C2B9-4414-AEA0-4D0A86BB01E4}.Debug|Any CPU.ActiveCfg = Debug|Any CPU
		{EAC81BBB-C2B9-4414-AEA0-4D0A86BB01E4}.Debug|Any CPU.Build.0 = Debug|Any CPU
		{EAC81BBB-C2B9-4414-AEA0-4D0A86BB01E4}.Release|Any CPU.ActiveCfg = Release|Any CPU
		{EAC81BBB-C2B9-4414-AEA0-4D0A86BB01E4}.Release|Any CPU.Build.0 = Release|Any CPU
		{2E9DE394-D15D-4BDE-BB66-E655B62A99F1}.Debug|Any CPU.ActiveCfg = Debug|Any CPU
		{2E9DE394-D15D-4BDE-BB66-E655B62A99F1}.Debug|Any CPU.Build.0 = Debug|Any CPU
		{2E9DE394-D15D-4BDE-BB66-E655B62A99F1}.Release|Any CPU.ActiveCfg = Release|Any CPU
		{2E9DE394-D15D-4BDE-BB66-E655B62A99F1}.Release|Any CPU.Build.0 = Release|Any CPU
		{FD7333B2-FB7F-40BC-849F-8DAC8D3649FB}.Debug|Any CPU.ActiveCfg = Debug|Any CPU
		{FD7333B2-FB7F-40BC-849F-8DAC8D3649FB}.Debug|Any CPU.Build.0 = Debug|Any CPU
		{FD7333B2-FB7F-40BC-849F-8DAC8D3649FB}.Release|Any CPU.ActiveCfg = Release|Any CPU
		{FD7333B2-FB7F-40BC-849F-8DAC8D3649FB}.Release|Any CPU.Build.0 = Release|Any CPU
		{F42B7B16-5DB2-4FD2-BDB6-A6A7582791FA}.Debug|Any CPU.ActiveCfg = Debug|Any CPU
		{F42B7B16-5DB2-4FD2-BDB6-A6A7582791FA}.Debug|Any CPU.Build.0 = Debug|Any CPU
		{F42B7B16-5DB2-4FD2-BDB6-A6A7582791FA}.Release|Any CPU.ActiveCfg = Release|Any CPU
		{F42B7B16-5DB2-4FD2-BDB6-A6A7582791FA}.Release|Any CPU.Build.0 = Release|Any CPU
		{24D5C1CD-F770-4C30-813B-49753E276276}.Debug|Any CPU.ActiveCfg = Debug|Any CPU
		{24D5C1CD-F770-4C30-813B-49753E276276}.Debug|Any CPU.Build.0 = Debug|Any CPU
		{24D5C1CD-F770-4C30-813B-49753E276276}.Release|Any CPU.ActiveCfg = Release|Any CPU
		{24D5C1CD-F770-4C30-813B-49753E276276}.Release|Any CPU.Build.0 = Release|Any CPU
		{F6AEC08B-D262-4AA3-B915-37795050FB2A}.Debug|Any CPU.ActiveCfg = Debug|Any CPU
		{F6AEC08B-D262-4AA3-B915-37795050FB2A}.Debug|Any CPU.Build.0 = Debug|Any CPU
		{F6AEC08B-D262-4AA3-B915-37795050FB2A}.Release|Any CPU.ActiveCfg = Release|Any CPU
		{F6AEC08B-D262-4AA3-B915-37795050FB2A}.Release|Any CPU.Build.0 = Release|Any CPU
		{407414D6-9561-4E56-A97E-BAA50FFBA0C3}.Debug|Any CPU.ActiveCfg = Debug|Any CPU
		{407414D6-9561-4E56-A97E-BAA50FFBA0C3}.Debug|Any CPU.Build.0 = Debug|Any CPU
		{407414D6-9561-4E56-A97E-BAA50FFBA0C3}.Release|Any CPU.ActiveCfg = Release|Any CPU
		{407414D6-9561-4E56-A97E-BAA50FFBA0C3}.Release|Any CPU.Build.0 = Release|Any CPU
		{292B46F0-AB73-4C13-8E53-DF02A81CF19E}.Debug|Any CPU.ActiveCfg = Debug|Any CPU
		{292B46F0-AB73-4C13-8E53-DF02A81CF19E}.Debug|Any CPU.Build.0 = Debug|Any CPU
		{292B46F0-AB73-4C13-8E53-DF02A81CF19E}.Release|Any CPU.ActiveCfg = Release|Any CPU
		{292B46F0-AB73-4C13-8E53-DF02A81CF19E}.Release|Any CPU.Build.0 = Release|Any CPU
	EndGlobalSection
	GlobalSection(SolutionProperties) = preSolution
		HideSolutionNode = FALSE
	EndGlobalSection
	GlobalSection(ExtensibilityGlobals) = postSolution
		SolutionGuid = {BFF90FE6-1192-4EB8-9A83-8E3056FB15AA}
	EndGlobalSection
EndGlobal
